github.com/go-gl/gl v0.0.0-20231021071112-07e5d0ea2e71 h1:5BVwOaUSBTlVZowGO6VZGw2H/zl9nrd3eCZfYV+NfQA=
github.com/go-gl/gl v0.0.0-20231021071112-07e5d0ea2e71/go.mod h1:9YTyiznxEY1fVinfM7RvRcjRHbw2xLBJ3AAGIT0I4Nw=
github.com/go-gl/glfw/v3.3/glfw v0.0.0-20240506104042-037f3cc74f2a h1:vxnBhFDDT+xzxf1jTJKMKZw3H0swfWk9RpWbBbDK5+0=
github.com/go-gl/glfw/v3.3/glfw v0.0.0-20240506104042-037f3cc74f2a/go.mod h1:tQ2UAYgL5IevRw8kRxooKSPJfGvJ9fJQFa0TUsXzTg8=
github.com/go-gl/mathgl v1.1.0 h1:0lzZ+rntPX3/oGrDzYGdowSLC2ky8Osirvf5uAwfIEA=
github.com/go-gl/mathgl v1.1.0/go.mod h1:yhpkQzEiH9yPyxDUGzkmgScbaBVlhC06qodikEM0ZwQ=
github.com/golang/freetype v0.0.0-20170609003504-e2365dfdc4a0 h1:DACJavvAHhabrF08vX0COfcOBJRhZ8lUbR+ZWIs0Y5g=
github.com/golang/freetype v0.0.0-20170609003504-e2365dfdc4a0/go.mod h1:E/TSTwGwJL78qG/PmXZO1EjYhfJinVAhrmmHX6Z8B9k=
github.com/hajimehoshi/oto v1.0.1 h1:8AMnq0Yr2YmzaiqTg/k1Yzd6IygUGk2we9nmjgbgPn4=
github.com/hajimehoshi/oto v1.0.1/go.mod h1:wovJ8WWMfFKvP587mhHgot/MBr4DnNy9m6EepeVGnos=
github.com/jfreymuth/oggvorbis v1.0.5 h1:u+Ck+R0eLSRhgq8WTmffYnrVtSztJcYrl588DM4e3kQ=
github.com/jfreymuth/oggvorbis v1.0.5/go.mod h1:1U4pqWmghcoVsCJJ4fRBKv9peUJMBHixthRlBeD6uII=
github.com/jfreymuth/vorbis v1.0.2 h1:m1xH6+ZI4thH927pgKD8JOH4eaGRm18rEE9/0WKjvNE=
github.com/jfreymuth/vorbis v1.0.2/go.mod h1:DoftRo4AznKnShRl1GxiTFCseHr4zR9BN3TWXyuzrqQ=
github.com/kr/pretty v0.1.0 h1:L/CwN0zerZDmRFUapSPitk6f+Q3+0za1rQkzVuMiMFI=
github.com/kr/pretty v0.1.0/go.mod h1:dAy3ld7l9f0ibDNOQOHHMYYIIbhfbHSm3C4ZsoJORNo=
github.com/kr/pty v1.1.1/go.mod h1:pFQYn66WHrOpPYNljwOMqo10TkYh1fy3cYio2l3bCsQ=
github.com/kr/text v0.1.0 h1:45sCR5RtlFHMR4UwH9sdQ5TC8v0qDQCHnXt+kaKSTVE=
github.com/kr/text v0.1.0/go.mod h1:4Jbv+DJW3UT/LiOwJeYQe1efqtUx/iVham/4vfdArNI=
github.com/niubaoshu/goutils v0.0.0-20180828035119-e8e576f66c2b h1:T7vmCmpGIvqlOOp5SXatALP+HYc/40ZHbxmgy+p+sN0=
github.com/niubaoshu/goutils v0.0.0-20180828035119-e8e576f66c2b/go.mod h1:aDwH4aWrEBXw/uvtSvwNwxdtnsx++aP8c8ad4AmlRCg=
github.com/ojrac/opensimplex-go v1.0.2 h1:l4vs0D+JCakcu5OV0kJ99oEaWJfggSc9jiLpxaWvSzs=
github.com/ojrac/opensimplex-go v1.0.2/go.mod h1:NwbXFFbXcdGgIFdiA7/REME+7n/lOf1TuEbLiZYOWnM=
github.com/pkg/browser v0.0.0-20240102092130-5ac0b6a4141c h1:+mdjkGKdHQG3305AYmdv1U2eRNDiU2ErMBj1gwrq8eQ=
github.com/pkg/browser v0.0.0-20240102092130-5ac0b6a4141c/go.mod h1:7rwL4CYBLnjLxUqIJNnCWiEdr3bn6IUYi15bNlnbCCU=
github.com/pkg/errors v0.9.1 h1:FEBLx1zS214owpjy7qsBeixbURkuhQAwrK5UwLGTwt4=
github.com/pkg/errors v0.9.1/go.mod h1:bwawxfHBFNV+L2hUp1rHADufV3IMtnDRdf1r5NINEl0=
github.com/ungerik/go3d v0.0.0-20240502073936-1137f6adf7e9 h1:wMWP16Ijw+W+IXGcAzrwQDua1NBB4tP8iWECpg5DVRQ=
github.com/ungerik/go3d v0.0.0-20240502073936-1137f6adf7e9/go.mod h1:ipEjrk2uLK4xX8ivWBPIVOD0fMtKyPI0strluUfIlYQ=
github.com/unitoftime/beep v0.0.0-20230919175050-aed291a2afca h1:cc/JFL+F69OmZmMPrRK0P8wY0J2ePZRCRPWj8eXKt2I=
github.com/unitoftime/beep v0.0.0-20230919175050-aed291a2afca/go.mod h1:P1j3xRgms7eb4x95IaPENFqQ/7GCNx/KAgEfTPhPaq8=
github.com/unitoftime/cod v0.0.0-20240909130117-f553b1d09d22 h1:81V+30jfwHH0wAsOVZ6gFCTWf1+XRdeJUMf0OgI0JG4=
github.com/unitoftime/cod v0.0.0-20240909130117-f553b1d09d22/go.mod h1:Iufibv9gn5GJb4Qzkf8e8xaXOV77OgkrB5kkBZTEN+M=
github.com/unitoftime/ecs v0.0.1 h1:xYxtSz99Ys5Cd/BgA54/ajC9Rp3t4tGmcM7Q8uIeDMc=
github.com/unitoftime/ecs v0.0.1/go.mod h1:3i8ercdQPj5M8lq9B3qGjywG7RRq0tBjbP/7THI5mtc=
github.com/unitoftime/glitch v0.0.0-20241014190205-a6252a015687 h1:CpcCn6EdqB3zdm6v4TfvbMDhy1sI5Dxh0gJ5v+5clds=
github.com/unitoftime/glitch v0.0.0-20241014190205-a6252a015687/go.mod h1:PgbLZ67AMiBoKS6FvFIVM0ANTRmU1wLKJEufxTsZ6vg=
github.com/unitoftime/gotiny v0.0.0-20240915162236-e7a35021e769 h1:SjK7DZ+RQcLLZwuz9bOLPW59fAZfadztDFDVg3nSiCE=
github.com/unitoftime/gotiny v0.0.0-20240915162236-e7a35021e769/go.mod h1:iq4kY4pPC8ZKztyei1pln4Fkk0BxQbyM1hICubHxoCo=
github.com/unitoftime/intmap v0.0.0-20231203115433-9505126f7096 h1:ietNpHDGnFAyabqzzinz8zJW2rjx/0DLslU4hU4wNbU=
github.com/unitoftime/intmap v0.0.0-20231203115433-9505126f7096/go.mod h1:6ls3IMyrFzev7qxUDF66hqGAKRrF7aovjqMx9/hq7No=
github.com/unitoftime/packer v0.0.0-20230818221437-1f2c1b1e4275 h1:VvZkqMn5hGjSK2qLxwdO3Nd7R44iFFvk+xIlTXvdy6g=
github.com/unitoftime/packer v0.0.0-20230818221437-1f2c1b1e4275/go.mod h1:x6IcVVrbVuX1lJo6tJHBUC3ym+5Ssf/sxqcXPCKwXXs=
github.com/zyedidia/generic v1.2.1 h1:Zv5KS/N2m0XZZiuLS82qheRG4X1o5gsWreGb0hR7XDc=
github.com/zyedidia/generic v1.2.1/go.mod h1:ly2RBz4mnz1yeuVbQA/VFwGjK3mnHGRj1JuoG336Bis=
golang.org/x/exp v0.0.0-20190306152737-a1d7652674e8/go.mod h1:CJ0aWSM057203Lf6IL+f9T1iT9GByDxfZKAQTCR3kQA=
golang.org/x/exp v0.0.0-20241009180824-f66d83c29e7c h1:7dEasQXItcW1xKJ2+gg5VOiBnqWrJc+rq0DPKyvvdbY=
golang.org/x/exp v0.0.0-20241009180824-f66d83c29e7c/go.mod h1:NQtJDoLvd6faHhE7m4T/1IY708gDefGGjR/iUW8yQQ8=
golang.org/x/exp/shiny v0.0.0-20241009180824-f66d83c29e7c h1:jTMrjjZRcSH/BDxWhXCP6OWsfVgmnwI7J+F4/nyVXaU=
golang.org/x/exp/shiny v0.0.0-20241009180824-f66d83c29e7c/go.mod h1:3F+MieQB7dRYLTmnncoFbb1crS5lfQoTfDgQy6K4N0o=
golang.org/x/image v0.0.0-20190227222117-0694c2d4d067/go.mod h1:kZ7UVZpmo3dzQBMxlp+ypCbDeSB+sBbTgSJuh5dn5js=
golang.org/x/image v0.0.0-20190321063152-3fc05d484e9f/go.mod h1:kZ7UVZpmo3dzQBMxlp+ypCbDeSB+sBbTgSJuh5dn5js=
golang.org/x/image v0.21.0 h1:c5qV36ajHpdj4Qi0GnE0jUc/yuo33OLFaa0d+crTD5s=
golang.org/x/image v0.21.0/go.mod h1:vUbsLavqK/W303ZroQQVKQ+Af3Yl6Uz1Ppu5J/cLz78=
golang.org/x/mobile v0.0.0-20190415191353-3e0bab5405d6/go.mod h1:E/iHnbuqvinMTCcRqshq8CkpyQDoeVncDDYHnLhea+o=
golang.org/x/mobile v0.0.0-20241004191011-08a83c5af9f8 h1:W8YtRRiKAvbIbqAh+xpWKecxEO8w1oaD6DrZhMyotF8=
golang.org/x/mobile v0.0.0-20241004191011-08a83c5af9f8/go.mod h1:snk1Mn2ZpdKCt90JPEsDh4sL3ReK520U2t0d7RHBnSU=
golang.org/x/sys v0.0.0-20190312061237-fead79001313/go.mod h1:h1NjWce9XRLGQEsW7wpKNCjG9DtNlClVuFLEZdDNbEs=
golang.org/x/sys v0.0.0-20190429190828-d89cdac9e872/go.mod h1:h1NjWce9XRLGQEsW7wpKNCjG9DtNlClVuFLEZdDNbEs=
golang.org/x/sys v0.1.0/go.mod h1:oPkhp1MJrh7nUepCBck5+mAzfO9JrbApNNgaTdGDITg=
golang.org/x/sys v0.26.0 h1:KHjCJyddX0LoSTb3J+vWpupP9p0oznkqVk/IfjymZbo=
golang.org/x/sys v0.26.0/go.mod h1:/VUhepiaJMQUp4+oa/7Zr1D23ma6VTLIYjOOTFZPUcA=
golang.org/x/text v0.3.0/go.mod h1:NqM8EUOU14njkJ3fqMW+pc6Ldnwhi/IjpwHt7yyuwOQ=
gopkg.in/check.v1 v0.0.0-20161208181325-20d25e280405/go.mod h1:Co6ibVJAznAaIkqp8huTwlJQCZ016jof/cbN4VW5Yz0=
gopkg.in/check.v1 v1.0.0-20190902080502-41f04d3bba15 h1:YR8cESwS4TdDjEe65xsg0ogRM/Nc3DYOhEAlW+xobZo=
gopkg.in/check.v1 v1.0.0-20190902080502-41f04d3bba15/go.mod h1:Co6ibVJAznAaIkqp8huTwlJQCZ016jof/cbN4VW5Yz0=
gopkg.in/yaml.v3 v3.0.1 h1:fxVm/GzAzEWqLHuvctI91KS9hhNmmWOoWu0XTYJS7CA=
gopkg.in/yaml.v3 v3.0.1/go.mod h1:K4uyk7z7BCEPqu6E+C64Yfv1cQ7kz7rIZviUmN+EgEM=
